
Microsoft Visual Studio Solution File, Format Version 12.00
# Visual Studio 15
VisualStudioVersion = 15.0.26730.12
MinimumVisualStudioVersion = 10.0.40219.1
Project("{FAE04EC0-301F-11D3-BF4B-00C04F79EFBC}") = "Study.MVC.AngularUI", "Study.MVC.AngularUI\Study.MVC.AngularUI.csproj", "{92F18FFB-C2BA-4EB9-9E09-2140CF38E21F}"
EndProject
Global
	GlobalSection(SolutionConfigurationPlatforms) = preSolution
		Debug|Any CPU = Debug|Any CPU
		Release|Any CPU = Release|Any CPU
	EndGlobalSection
	GlobalSection(ProjectConfigurationPlatforms) = postSolution
		{92F18FFB-C2BA-4EB9-9E09-2140CF38E21F}.Debug|Any CPU.ActiveCfg = Debug|Any CPU
		{92F18FFB-C2BA-4EB9-9E09-2140CF38E21F}.Debug|Any CPU.Build.0 = Debug|Any CPU
		{92F18FFB-C2BA-4EB9-9E09-2140CF38E21F}.Release|Any CPU.ActiveCfg = Release|Any CPU
		{92F18FFB-C2BA-4EB9-9E09-2140CF38E21F}.Release|Any CPU.Build.0 = Release|Any CPU
	EndGlobalSection
	GlobalSection(SolutionProperties) = preSolution
		HideSolutionNode = FALSE
	EndGlobalSection
	GlobalSection(ExtensibilityGlobals) = postSolution
		SolutionGuid = {AFF957ED-781C-4238-9CE7-84949A711B1F}
	EndGlobalSection
EndGlobal
